# THIS IS AN AUTOGENERATED FILE. DO NOT EDIT THIS FILE DIRECTLY.
# yarn lockfile v1


"@pixi/accessibility@^5.1.0":
  version "5.1.0"
  resolved "https://registry.yarnpkg.com/@pixi/accessibility/-/accessibility-5.1.0.tgz#414ecce3300f8d6e9a1d90fe71148eacb0820631"
  integrity sha512-F5MvmvQUm53/LpRDIEB3lHOwGlLCdeB3tAU3XYza+vlJNdOwnStcxdvKRaBtBcDEnant+/SXNDgB99x/84aVNw==
  dependencies:
    "@pixi/core" "^5.1.0"
    "@pixi/display" "^5.1.0"
    "@pixi/utils" "^5.1.0"

"@pixi/app@^5.1.0":
  version "5.1.0"
  resolved "https://registry.yarnpkg.com/@pixi/app/-/app-5.1.0.tgz#07c753b1070170cc21a3bed55f676a496add32a7"
  integrity sha512-JoFYUSv1fXI3+Tl1ueoOJNF57+jyE8WQKajXf9W6QvrUiA87TZCHVewZWgJZLoWRsGJmEDtqCt7Y2OZMoQW8/Q==
  dependencies:
    "@pixi/core" "^5.1.0"
    "@pixi/display" "^5.1.0"

"@pixi/constants@^5.1.0":
  version "5.1.0"
  resolved "https://registry.yarnpkg.com/@pixi/constants/-/constants-5.1.0.tgz#663192a3d72cbbca1c40a94a7e1004fbf9ab664a"
  integrity sha512-86cogDvjF9yNvmxeizwkIhA0Kl2z3gUSWMf2daYx903dzyje7fwkzRrKLnqDUn6vSAxRXiska0DMJhwYsIC29w==

"@pixi/core@^5.1.0":
  version "5.1.0"
  resolved "https://registry.yarnpkg.com/@pixi/core/-/core-5.1.0.tgz#06744bfdefad9e51e533b4d362d04ec558a98b8e"
  integrity sha512-rmMoEZ3mhlvxIiJUS2xxUs9vCMA2bAInzt2SRB7Msaq2yvlTeR3zfduHxfe7fahJUena6qvcYMBkKrwk1Fn0Mw==
  dependencies:
    "@pixi/constants" "^5.1.0"
    "@pixi/display" "^5.1.0"
    "@pixi/math" "^5.1.0"
    "@pixi/runner" "^5.1.0"
    "@pixi/settings" "^5.1.0"
    "@pixi/ticker" "^5.1.0"
    "@pixi/utils" "^5.1.0"

"@pixi/display@^5.1.0":
  version "5.1.0"
  resolved "https://registry.yarnpkg.com/@pixi/display/-/display-5.1.0.tgz#e5bb69109b938302b02dd443f80821b6f9bd041e"
  integrity sha512-nDNF49xPXIalS1T3F5iNbv9RMSARWadMUJuamzPmT0zGQtH+H7F4jqTcHBBAySbrrvk5dFz4Z+NjYeIRduQLpA==
  dependencies:
    "@pixi/math" "^5.1.0"
    "@pixi/settings" "^5.1.0"
    "@pixi/utils" "^5.1.0"

"@pixi/extract@^5.1.0":
  version "5.1.0"
  resolved "https://registry.yarnpkg.com/@pixi/extract/-/extract-5.1.0.tgz#ffb4db85342fbeba5d02191de0d66198d89b8a4f"
  integrity sha512-Rk6glnqhU2v+4FH6abDtQteXWuFhmAZZIa+Brv5cMbQODYp6eprXdASeXwqwqlETC55HsZwlys3T6S86T6U8xA==
  dependencies:
    "@pixi/core" "^5.1.0"
    "@pixi/math" "^5.1.0"
    "@pixi/utils" "^5.1.0"

"@pixi/filter-alpha@^5.1.0":
  version "5.1.0"
  resolved "https://registry.yarnpkg.com/@pixi/filter-alpha/-/filter-alpha-5.1.0.tgz#77d8e817f0a38ca1497bd92259e68c24fa4915ad"
  integrity sha512-xYZcPdcCjD+4s0Na4ec1Jpsd4mdEoH6jpbe6ssPqR250f3DPv9VwZ7+JwFqVWz7yJ19UDl1uA9dT5a33IHNtIQ==
  dependencies:
    "@pixi/core" "^5.1.0"

"@pixi/filter-blur@^5.1.0":
  version "5.1.0"
  resolved "https://registry.yarnpkg.com/@pixi/filter-blur/-/filter-blur-5.1.0.tgz#1c2d05a5671cbc5a7a97b19baa3cf209f75da081"
  integrity sha512-mOujUL9+jfsOrM98HTL6HC9nHe18lzRhDT8blQJ+tJLtQ84TiAxwnWpazF+ZPrQMF0SMECAdWW8Mp1BsFW98mQ==
  dependencies:
    "@pixi/core" "^5.1.0"
    "@pixi/settings" "^5.1.0"

"@pixi/filter-color-matrix@^5.1.0":
  version "5.1.0"
  resolved "https://registry.yarnpkg.com/@pixi/filter-color-matrix/-/filter-color-matrix-5.1.0.tgz#de2d5de3de8a44bed083d76b2c1dae6b6df5e1a6"
  integrity sha512-D4//04FtETmo0/chXMekIQRkYFZAe1y6KjrC7NfDNAqiQS5jGnlyHgPM/gSJIwVa3ZGW0SquEhV9pZHMjojQYg==
  dependencies:
    "@pixi/core" "^5.1.0"

"@pixi/filter-displacement@^5.1.0":
  version "5.1.0"
  resolved "https://registry.yarnpkg.com/@pixi/filter-displacement/-/filter-displacement-5.1.0.tgz#485b662de748828d94e3d26120e60a4ab0ad0da0"
  integrity sha512-xWu+YRdwaJc0OIrsgitLcghxP6SgKrsa2VfpzM9VduwVDBFrS9OkCZgZvbFILNe8n2luKw+IF32L93o5KGMBLg==
  dependencies:
    "@pixi/core" "^5.1.0"
    "@pixi/math" "^5.1.0"

"@pixi/filter-fxaa@^5.1.0":
  version "5.1.0"
  resolved "https://registry.yarnpkg.com/@pixi/filter-fxaa/-/filter-fxaa-5.1.0.tgz#321404fb754005570916e862c58f62b3f4a4fc42"
  integrity sha512-ieoUF3voqVirI+DzIsId1vAaK67li0TauXtQkTjs3rtPCfZ7nLh2cS463mv1aW/V7oCvMwH9ImFXzYvBOZSzWA==
  dependencies:
    "@pixi/core" "^5.1.0"

"@pixi/filter-noise@^5.1.0":
  version "5.1.0"
  resolved "https://registry.yarnpkg.com/@pixi/filter-noise/-/filter-noise-5.1.0.tgz#7fd415dcc03233de1641ca2bb90d50802ef416fd"
  integrity sha512-F2rkF1g8Z04USdg347OIF6avEmu/dEkLlnzemRi9LYMwHqrxYeNch+N+PpCFAGi+XPU0wmFQKh6WnXLV0c8w8Q==
  dependencies:
    "@pixi/core" "^5.1.0"

"@pixi/graphics@^5.1.0":
  version "5.1.0"
  resolved "https://registry.yarnpkg.com/@pixi/graphics/-/graphics-5.1.0.tgz#15778ba047ae7fcdec34e65a5e9e53a60ed61435"
  integrity sha512-ClTpBHVn5JyqT6xiw67UcQ42UYoOZMhfYDNBT9bo1JxQA+RefI08M+Jmh01rmb87F49mpuboyi0f74WYi4PgAQ==
  dependencies:
    "@pixi/constants" "^5.1.0"
    "@pixi/core" "^5.1.0"
    "@pixi/display" "^5.1.0"
    "@pixi/math" "^5.1.0"
    "@pixi/sprite" "^5.1.0"
    "@pixi/utils" "^5.1.0"

"@pixi/interaction@^5.1.0":
  version "5.1.0"
  resolved "https://registry.yarnpkg.com/@pixi/interaction/-/interaction-5.1.0.tgz#673e66bb44828976f60deca0b9f56b96307f3a7e"
  integrity sha512-QOS8IDtxNRIgpSnWe4MzyOPNm303foiNDNFpBa6ItHT9/2R3zRF0gwztmHE5Yu0fhS0DuF6sIo171Bu/qMD1/Q==
  dependencies:
    "@pixi/core" "^5.1.0"
    "@pixi/display" "^5.1.0"
    "@pixi/math" "^5.1.0"
    "@pixi/ticker" "^5.1.0"
    "@pixi/utils" "^5.1.0"

"@pixi/loaders@^5.1.0":
  version "5.1.0"
  resolved "https://registry.yarnpkg.com/@pixi/loaders/-/loaders-5.1.0.tgz#380efbe8424c8ce547b3dd511eb7e9373963c740"
  integrity sha512-Sq3Uf+txzVGmOcSzq5AmbAr50Ahm6gR7G/sCn/wZk5xJqXhroATfoCbCqPiw2l8sdlItQvCnLaHdT7t64wBFBA==
  dependencies:
    "@pixi/core" "^5.1.0"
    "@pixi/utils" "^5.1.0"
    resource-loader "^3.0.1"

"@pixi/math@^5.1.0":
  version "5.1.0"
  resolved "https://registry.yarnpkg.com/@pixi/math/-/math-5.1.0.tgz#7974cb98ec8d52a48825c8babd4d9a73dd47e8c5"
  integrity sha512-Vf9W4SgYRRQMdSq8tFViKKKGCU3iklf0RDzd+wzp4gezOxe3m0PLB7XKwvVrP1hRjUh49zIAL9JBpYREPS1EMw==

"@pixi/mesh-extras@^5.1.0":
  version "5.1.0"
  resolved "https://registry.yarnpkg.com/@pixi/mesh-extras/-/mesh-extras-5.1.0.tgz#ff457c25f77459cf21f9d9b3f137f0ba165d801a"
  integrity sha512-ChnsDxiyNY2Q6FnXEOyqctE3VedkOi9QqjVarq1Lp/Rmf8a2kyTc/Sv9D2ryh6r6LgDacwMAhSJW4Xq4N8frsw==
  dependencies:
    "@pixi/constants" "^5.1.0"
    "@pixi/core" "^5.1.0"
    "@pixi/math" "^5.1.0"
    "@pixi/mesh" "^5.1.0"
    "@pixi/utils" "^5.1.0"

"@pixi/mesh@^5.1.0":
  version "5.1.0"
  resolved "https://registry.yarnpkg.com/@pixi/mesh/-/mesh-5.1.0.tgz#be94856f31ede0ed6815308ad96ec495bf56ef01"
  integrity sha512-RTbNwKmzxClAFn5CHnqpeACd9NeGBgZlXw7MiOdpHtHLc2dWVRGP1OOBdBjhRjgezfmbe5eZVrXW5xtdrPFTxQ==
  dependencies:
    "@pixi/constants" "^5.1.0"
    "@pixi/core" "^5.1.0"
    "@pixi/display" "^5.1.0"
    "@pixi/math" "^5.1.0"
    "@pixi/settings" "^5.1.0"
    "@pixi/utils" "^5.1.0"

"@pixi/mixin-cache-as-bitmap@^5.1.0":
  version "5.1.0"
  resolved "https://registry.yarnpkg.com/@pixi/mixin-cache-as-bitmap/-/mixin-cache-as-bitmap-5.1.0.tgz#5196fa352ded08ed9403e1d6e184ca087ce1d82f"
  integrity sha512-t7dgu6ZayFtqQywdA4n+UNtad55Ju4bSV0dm7HB/xfDzrrajHDizQ87LC8aIDaBlTJAjr2O+l09mITIVDCA+qQ==
  dependencies:
    "@pixi/core" "^5.1.0"
    "@pixi/display" "^5.1.0"
    "@pixi/math" "^5.1.0"
    "@pixi/settings" "^5.1.0"
    "@pixi/sprite" "^5.1.0"
    "@pixi/utils" "^5.1.0"

"@pixi/mixin-get-child-by-name@^5.1.0":
  version "5.1.0"
  resolved "https://registry.yarnpkg.com/@pixi/mixin-get-child-by-name/-/mixin-get-child-by-name-5.1.0.tgz#7cac826742879c662d4842f869b395c1760f8724"
  integrity sha512-ZH+lcoRWMNFX67J0EKbW9pGJksv/2Pe3FxgfnEraKaW/OcqrzKtCrnhFCoMM/iPYWM0CbRJdlQBDiAu1+xzt6Q==
  dependencies:
    "@pixi/display" "^5.1.0"

"@pixi/mixin-get-global-position@^5.1.0":
  version "5.1.0"
  resolved "https://registry.yarnpkg.com/@pixi/mixin-get-global-position/-/mixin-get-global-position-5.1.0.tgz#db893835eccaa14a5620cd94ee2f33864b8e0633"
  integrity sha512-djERxQoTmjqlJ/bero5EbIBlbPhp5xYEQwvFjeMNCq8frRPCV+e/lMMbjmZJTMwSP22+go9u3n4QfyWYdODZsA==
  dependencies:
    "@pixi/display" "^5.1.0"
    "@pixi/math" "^5.1.0"

"@pixi/particles@^5.1.0":
  version "5.1.0"
  resolved "https://registry.yarnpkg.com/@pixi/particles/-/particles-5.1.0.tgz#28fffd322c1448a05a99cfdc1b18105928bd0f6c"
  integrity sha512-44hRXDRtay3UUfKxHW5eMT4iHTCgyZCz1n8PCY+7plkN15Ml/QjC+C3GlEW3I/0j3HiNFZwzHxG8Po9aLi0cbw==
  dependencies:
    "@pixi/constants" "^5.1.0"
    "@pixi/core" "^5.1.0"
    "@pixi/display" "^5.1.0"
    "@pixi/math" "^5.1.0"
    "@pixi/utils" "^5.1.0"

"@pixi/polyfill@^5.1.0":
  version "5.1.0"
  resolved "https://registry.yarnpkg.com/@pixi/polyfill/-/polyfill-5.1.0.tgz#96bf2e13d348f482f82fd280da71b2b4e9c047a5"
  integrity sha512-8M3nYCO0a599fsdLW7wv9SBYriMqS1QckKAkRuN2JualRuK/GjxZjm5Vcbcwc1gGONRUKZroH12CuPyTcU2HnQ==
  dependencies:
    es6-promise-polyfill "^1.2.0"
    object-assign "^4.1.1"

"@pixi/prepare@^5.1.0":
  version "5.1.0"
  resolved "https://registry.yarnpkg.com/@pixi/prepare/-/prepare-5.1.0.tgz#b67dd3219e5e3ed59c8756b8739b20444ed8567a"
  integrity sha512-mW3MK0oJiMWnlhL/kbODHqzKNZ8YMcM0uT1WP/KFbyI3PecLJFYp4jrU+3G/LuQGQGN5zeEKioYCdgQ/ECWzTw==
  dependencies:
    "@pixi/core" "^5.1.0"
    "@pixi/display" "^5.1.0"
    "@pixi/graphics" "^5.1.0"
    "@pixi/settings" "^5.1.0"
    "@pixi/text" "^5.1.0"
    "@pixi/ticker" "^5.1.0"

"@pixi/runner@^5.1.0":
  version "5.1.0"
  resolved "https://registry.yarnpkg.com/@pixi/runner/-/runner-5.1.0.tgz#08ac30122ff97b5c5a022c32c9ae7d3c219e415f"
  integrity sha512-PeQqNzCCIBm2RemI1cuszISqiRhI40mfZuuRXGQ006ClSAYk3eTQJgK9Qk0XbVlizCdnEih7xbfTNJyRV5ZyNw==

"@pixi/settings@^5.1.0":
  version "5.1.0"
  resolved "https://registry.yarnpkg.com/@pixi/settings/-/settings-5.1.0.tgz#b20a5c4f89a13d4a4c3a86cbbce4276b7e1bc9bf"
  integrity sha512-2/0VLtGi4BAs15rnSAdsieR9isaBvhInPTotd8Z2OmiBJKeeObrZXln2naT74XYMqJwn1m31VIe1Ec2baHyfQg==
  dependencies:
    ismobilejs "^0.5.1"

"@pixi/sprite-animated@^5.1.0":
  version "5.1.0"
  resolved "https://registry.yarnpkg.com/@pixi/sprite-animated/-/sprite-animated-5.1.0.tgz#822fb75fcfa4bc40b6f9b6f47e71a4cb26fd2e77"
  integrity sha512-+79scow3qSPJY0dzqNsa4KYZYqJPrWSEzuUfdTgSIbjgoQ/2TeiQhROjdtg7P96kUxKAAn5WzXmjjW57ybML0w==
  dependencies:
    "@pixi/core" "^5.1.0"
    "@pixi/sprite" "^5.1.0"
    "@pixi/ticker" "^5.1.0"

"@pixi/sprite-tiling@^5.1.0":
  version "5.1.0"
  resolved "https://registry.yarnpkg.com/@pixi/sprite-tiling/-/sprite-tiling-5.1.0.tgz#3c992ca156f70aedb5a488817a83887b88deeb3b"
  integrity sha512-/8s9SNJ1hI/BNKlrYTKARWa4Qh79dtEAI2Sfyksho7qaEaenSLkppSwiq3UMNPO9nl3M941VfrXyUlumExbmAA==
  dependencies:
    "@pixi/constants" "^5.1.0"
    "@pixi/core" "^5.1.0"
    "@pixi/display" "^5.1.0"
    "@pixi/math" "^5.1.0"
    "@pixi/sprite" "^5.1.0"
    "@pixi/utils" "^5.1.0"

"@pixi/sprite@^5.1.0":
  version "5.1.0"
  resolved "https://registry.yarnpkg.com/@pixi/sprite/-/sprite-5.1.0.tgz#249b08d90b8286d60263d664f82a714624a48184"
  integrity sha512-GMk8m56OcAoK8030QATrkLUShkI0oPv8cZEApaiMyb0vdg7fl7tJkGq7bin3QyhhBCxt8ZJWy8GePanG4w2SSQ==
  dependencies:
    "@pixi/constants" "^5.1.0"
    "@pixi/core" "^5.1.0"
    "@pixi/display" "^5.1.0"
    "@pixi/math" "^5.1.0"
    "@pixi/settings" "^5.1.0"
    "@pixi/utils" "^5.1.0"

"@pixi/spritesheet@^5.1.0":
  version "5.1.0"
  resolved "https://registry.yarnpkg.com/@pixi/spritesheet/-/spritesheet-5.1.0.tgz#fc8a36cd7886e9937835a346a9500e258e546675"
  integrity sha512-a7mO0IAtiAh5i0m/N5cujRUmJgjHe4cYBn5LAOmEMncJ1qjgc9ophf7Y71kKqFYd7RGcLqexlE6h2cMzD+iBpA==
  dependencies:
    "@pixi/core" "^5.1.0"
    "@pixi/loaders" "^5.1.0"
    "@pixi/math" "^5.1.0"
    "@pixi/utils" "^5.1.0"

"@pixi/text-bitmap@^5.1.0":
  version "5.1.0"
  resolved "https://registry.yarnpkg.com/@pixi/text-bitmap/-/text-bitmap-5.1.0.tgz#f9037428be9101e7f6eac3046c53c6ba738ed284"
  integrity sha512-O46dmK3C3+nxibXBlWF1VIbVfY4xC8EZL0+TCCXkmXqn8bDG3LFYJTqwVtOaW693WcAxq0qpTZnrP88toASq2Q==
  dependencies:
    "@pixi/core" "^5.1.0"
    "@pixi/display" "^5.1.0"
    "@pixi/loaders" "^5.1.0"
    "@pixi/math" "^5.1.0"
    "@pixi/settings" "^5.1.0"
    "@pixi/sprite" "^5.1.0"
    "@pixi/utils" "^5.1.0"

"@pixi/text@^5.1.0":
  version "5.1.0"
  resolved "https://registry.yarnpkg.com/@pixi/text/-/text-5.1.0.tgz#acfe85c5337cb74c18120cf57edb46f23680b13b"
  integrity sha512-qipyJvNFMsXGFVrVruk5rk9ZS4jOHGVxjlGEXXG/tSXkC2j3wAiE9QP9YdR7y6448mg7dyWvskXly68WAKudhg==
  dependencies:
    "@pixi/core" "^5.1.0"
    "@pixi/math" "^5.1.0"
    "@pixi/settings" "^5.1.0"
    "@pixi/sprite" "^5.1.0"
    "@pixi/utils" "^5.1.0"

"@pixi/ticker@^5.1.0":
  version "5.1.0"
  resolved "https://registry.yarnpkg.com/@pixi/ticker/-/ticker-5.1.0.tgz#8aa4803426c3f6c23f1d47734d983006534ad080"
  integrity sha512-yOyNURMTnR9JluWzvUJaCca0B6+jXIDkgWvkfbGA1p4Ty9R8eBuSsUAAYtj5lk3MDxKVXc4GUI3le4rRYdlwZA==
  dependencies:
    "@pixi/settings" "^5.1.0"

"@pixi/utils@^5.1.0":
  version "5.1.0"
  resolved "https://registry.yarnpkg.com/@pixi/utils/-/utils-5.1.0.tgz#1047c91b72f48beb51518d09580e603946b0bc8e"
  integrity sha512-+RqA/rDGrnYzKpmA//O13qcr9vp3it6gHbybQvOIWuFIpm42vPYAqdNZa7wX2wiyIQryLIGJIZERF4LhsaXYGQ==
  dependencies:
    "@pixi/constants" "^5.1.0"
    "@pixi/settings" "^5.1.0"
    earcut "^2.1.5"
    eventemitter3 "^3.1.0"
    url "^0.11.0"

"@types/json5@^0.0.29":
  version "0.0.29"
  resolved "https://registry.yarnpkg.com/@types/json5/-/json5-0.0.29.tgz#ee28707ae94e11d2b827bcbe5270bcea7f3e71ee"
  integrity sha1-7ihweulOEdK4J7y+UnC86n8+ce4=

arg@^4.1.0:
  version "4.1.1"
  resolved "https://registry.yarnpkg.com/arg/-/arg-4.1.1.tgz#485f8e7c390ce4c5f78257dbea80d4be11feda4c"
  integrity sha512-SlmP3fEA88MBv0PypnXZ8ZfJhwmDeIE3SP71j37AiXQBXYosPV0x6uISAaHYSlSVhmHOVkomen0tbGk6Anlebw==

buffer-from@^1.0.0:
  version "1.1.1"
  resolved "https://registry.yarnpkg.com/buffer-from/-/buffer-from-1.1.1.tgz#32713bc028f75c02fdb710d7c7bcec1f2c6070ef"
  integrity sha512-MQcXEUbCKtEo7bhqEs6560Hyd4XaovZlO/k9V3hjVUF/zwW7KBVdSK4gIt/bzwS9MbR5qob+F5jusZsb0YQK2A==

deepmerge@^2.0.1:
  version "2.2.1"
  resolved "https://registry.yarnpkg.com/deepmerge/-/deepmerge-2.2.1.tgz#5d3ff22a01c00f645405a2fbc17d0778a1801170"
  integrity sha512-R9hc1Xa/NOBi9WRVUWg19rl1UB7Tt4kuPd+thNJgFZoxXsTz7ncaPaeIm+40oSGuP33DfMb4sZt1QIGiJzC4EA==

diff@^4.0.1:
  version "4.0.1"
  resolved "https://registry.yarnpkg.com/diff/-/diff-4.0.1.tgz#0c667cb467ebbb5cea7f14f135cc2dba7780a8ff"
  integrity sha512-s2+XdvhPCOF01LRQBC8hf4vhbVmI2CGS5aZnxLJlT5FtdhPCDFq80q++zK2KlrVorVDdL5BOGZ/VfLrVtYNF+Q==

earcut@^2.1.5:
  version "2.1.5"
  resolved "https://registry.yarnpkg.com/earcut/-/earcut-2.1.5.tgz#829280a9a3a0f5fee0529f0a47c3e4eff09b21e4"
  integrity sha512-QFWC7ywTVLtvRAJTVp8ugsuuGQ5mVqNmJ1cRYeLrSHgP3nycr2RHTJob9OtM0v8ujuoKN0NY1a93J/omeTL1PA==

es6-promise-polyfill@^1.2.0:
  version "1.2.0"
  resolved "https://registry.yarnpkg.com/es6-promise-polyfill/-/es6-promise-polyfill-1.2.0.tgz#f38925f23cb3e3e8ce6cda8ff774fcebbb090cde"
  integrity sha1-84kl8jyz4+jObNqP93T867sJDN4=

eventemitter3@^3.1.0:
  version "3.1.2"
  resolved "https://registry.yarnpkg.com/eventemitter3/-/eventemitter3-3.1.2.tgz#2d3d48f9c346698fce83a85d7d664e98535df6e7"
  integrity sha512-tvtQIeLVHjDkJYnzf2dgVMxfuSGJeM/7UCG17TT4EumTfNtF+0nebF/4zWOIkCreAbtNqhGEboB6BWrwqNaw4Q==

ismobilejs@^0.5.1:
  version "0.5.2"
  resolved "https://registry.yarnpkg.com/ismobilejs/-/ismobilejs-0.5.2.tgz#e81bacf6187c532ad8348355f4fecd6e6adfdce1"
  integrity sha512-ta9UdV60xVZk/ZafFtSFslQaE76SvNkcs1r73d2PVR21zVzx9xuYv9tNe4MxA1NN7WoeCc2RjGot3Bz1eHDx3Q==

json5@^1.0.1:
  version "1.0.1"
  resolved "https://registry.yarnpkg.com/json5/-/json5-1.0.1.tgz#779fb0018604fa854eacbf6252180d83543e3dbe"
  integrity sha512-aKS4WQjPenRxiQsC93MNfjx+nbF4PAdYzmd/1JIj8HYzqfbu86beTuNgXDzPknWk0n0uARlyewZo4s++ES36Ow==
  dependencies:
    minimist "^1.2.0"

make-error@^1.1.1:
  version "1.3.5"
  resolved "https://registry.yarnpkg.com/make-error/-/make-error-1.3.5.tgz#efe4e81f6db28cadd605c70f29c831b58ef776c8"
  integrity sha512-c3sIjNUow0+8swNwVpqoH4YCShKNFkMaw6oH1mNS2haDZQqkeZFlHS3dhoeEbKKmJB4vXpJucU6oH75aDYeE9g==

mini-signals@^1.2.0:
  version "1.2.0"
  resolved "https://registry.yarnpkg.com/mini-signals/-/mini-signals-1.2.0.tgz#45b08013c5fae51a24aa1a935cd317c9ed721d74"
  integrity sha1-RbCAE8X65RokqhqTXNMXye1yHXQ=

minimist@^1.2.0:
  version "1.2.0"
  resolved "https://registry.yarnpkg.com/minimist/-/minimist-1.2.0.tgz#a35008b20f41383eec1fb914f4cd5df79a264284"
  integrity sha1-o1AIsg9BOD7sH7kU9M1d95omQoQ=

object-assign@^4.1.1:
  version "4.1.1"
  resolved "https://registry.yarnpkg.com/object-assign/-/object-assign-4.1.1.tgz#2109adc7965887cfc05cbbd442cac8bfbb360863"
  integrity sha1-IQmtx5ZYh8/AXLvUQsrIv7s2CGM=

parse-uri@^1.0.0:
  version "1.0.0"
  resolved "https://registry.yarnpkg.com/parse-uri/-/parse-uri-1.0.0.tgz#2872dcc22f1a797acde1583d8a0ac29552ddac20"
  integrity sha1-KHLcwi8aeXrN4Vg9igrClVLdrCA=

pixi.js@^5.1.0:
  version "5.1.0"
  resolved "https://registry.yarnpkg.com/pixi.js/-/pixi.js-5.1.0.tgz#ab63fecca6c74d65d298945d305b9ea75085ea9e"
  integrity sha512-6pTYgmc6ge9ja8TVWQtrZTP+VXLWNETOQe/g2vA/M6WRUsPlJ7Ewz4RiIbKPNKsx9Lgks0qjuB4TCcPmEYORaw==
  dependencies:
    "@pixi/accessibility" "^5.1.0"
    "@pixi/app" "^5.1.0"
    "@pixi/constants" "^5.1.0"
    "@pixi/core" "^5.1.0"
    "@pixi/display" "^5.1.0"
    "@pixi/extract" "^5.1.0"
    "@pixi/filter-alpha" "^5.1.0"
    "@pixi/filter-blur" "^5.1.0"
    "@pixi/filter-color-matrix" "^5.1.0"
    "@pixi/filter-displacement" "^5.1.0"
    "@pixi/filter-fxaa" "^5.1.0"
    "@pixi/filter-noise" "^5.1.0"
    "@pixi/graphics" "^5.1.0"
    "@pixi/interaction" "^5.1.0"
    "@pixi/loaders" "^5.1.0"
    "@pixi/math" "^5.1.0"
    "@pixi/mesh" "^5.1.0"
    "@pixi/mesh-extras" "^5.1.0"
    "@pixi/mixin-cache-as-bitmap" "^5.1.0"
    "@pixi/mixin-get-child-by-name" "^5.1.0"
    "@pixi/mixin-get-global-position" "^5.1.0"
    "@pixi/particles" "^5.1.0"
    "@pixi/polyfill" "^5.1.0"
    "@pixi/prepare" "^5.1.0"
    "@pixi/runner" "^5.1.0"
    "@pixi/settings" "^5.1.0"
    "@pixi/sprite" "^5.1.0"
    "@pixi/sprite-animated" "^5.1.0"
    "@pixi/sprite-tiling" "^5.1.0"
    "@pixi/spritesheet" "^5.1.0"
    "@pixi/text" "^5.1.0"
    "@pixi/text-bitmap" "^5.1.0"
    "@pixi/ticker" "^5.1.0"
    "@pixi/utils" "^5.1.0"

punycode@1.3.2:
  version "1.3.2"
  resolved "https://registry.yarnpkg.com/punycode/-/punycode-1.3.2.tgz#9653a036fb7c1ee42342f2325cceefea3926c48d"
  integrity sha1-llOgNvt8HuQjQvIyXM7v6jkmxI0=

querystring@0.2.0:
  version "0.2.0"
  resolved "https://registry.yarnpkg.com/querystring/-/querystring-0.2.0.tgz#b209849203bb25df820da756e747005878521620"
  integrity sha1-sgmEkgO7Jd+CDadW50cAWHhSFiA=

resource-loader@^3.0.1:
  version "3.0.1"
  resolved "https://registry.yarnpkg.com/resource-loader/-/resource-loader-3.0.1.tgz#33355bb5421e2994f59454bbc7f6dbff8df06d47"
  integrity sha512-fBuCRbEHdLCI1eglzQhUv9Rrdcmqkydr1r6uHE2cYHvRBrcLXeSmbE/qI/urFt8rPr/IGxir3BUwM5kUK8XoyA==
  dependencies:
    mini-signals "^1.2.0"
    parse-uri "^1.0.0"

source-map-support@^0.5.6:
  version "0.5.12"
  resolved "https://registry.yarnpkg.com/source-map-support/-/source-map-support-0.5.12.tgz#b4f3b10d51857a5af0138d3ce8003b201613d599"
  integrity sha512-4h2Pbvyy15EE02G+JOZpUCmqWJuqrs+sEkzewTm++BPi7Hvn/HwcqLAcNxYAyI0x13CpPPn+kMjl+hplXMHITQ==
  dependencies:
    buffer-from "^1.0.0"
    source-map "^0.6.0"

source-map@^0.6.0:
  version "0.6.1"
  resolved "https://registry.yarnpkg.com/source-map/-/source-map-0.6.1.tgz#74722af32e9614e9c287a8d0bbde48b5e2f1a263"
  integrity sha512-UjgapumWlbMhkBgzT7Ykc5YXUT46F0iKu8SGXq0bcwP5dz/h0Plj6enJqjz1Zbq2l5WaqYnrVbwWOWMyF3F47g==

strip-bom@^3.0.0:
  version "3.0.0"
  resolved "https://registry.yarnpkg.com/strip-bom/-/strip-bom-3.0.0.tgz#2334c18e9c759f7bdd56fdef7e9ae3d588e68ed3"
  integrity sha1-IzTBjpx1n3vdVv3vfprj1YjmjtM=

ts-node@^8.3.0:
  version "8.3.0"
  resolved "https://registry.yarnpkg.com/ts-node/-/ts-node-8.3.0.tgz#e4059618411371924a1fb5f3b125915f324efb57"
  integrity sha512-dyNS/RqyVTDcmNM4NIBAeDMpsAdaQ+ojdf0GOLqE6nwJOgzEkdRNzJywhDfwnuvB10oa6NLVG1rUJQCpRN7qoQ==
  dependencies:
    arg "^4.1.0"
    diff "^4.0.1"
    make-error "^1.1.1"
    source-map-support "^0.5.6"
    yn "^3.0.0"

tsconfig-paths@^3.8.0:
  version "3.8.0"
  resolved "https://registry.yarnpkg.com/tsconfig-paths/-/tsconfig-paths-3.8.0.tgz#4e34202d5b41958f269cf56b01ed95b853d59f72"
  integrity sha512-zZEYFo4sjORK8W58ENkRn9s+HmQFkkwydDG7My5s/fnfr2YYCaiyXe/HBUcIgU8epEKOXwiahOO+KZYjiXlWyQ==
  dependencies:
    "@types/json5" "^0.0.29"
    deepmerge "^2.0.1"
    json5 "^1.0.1"
    minimist "^1.2.0"
    strip-bom "^3.0.0"

typescript@^3.5.3:
  version "3.5.3"
  resolved "https://registry.yarnpkg.com/typescript/-/typescript-3.5.3.tgz#c830f657f93f1ea846819e929092f5fe5983e977"
  integrity sha512-ACzBtm/PhXBDId6a6sDJfroT2pOWt/oOnk4/dElG5G33ZL776N3Y6/6bKZJBFpd+b05F3Ct9qDjMeJmRWtE2/g==

url@^0.11.0:
  version "0.11.0"
  resolved "https://registry.yarnpkg.com/url/-/url-0.11.0.tgz#3838e97cfc60521eb73c525a8e55bfdd9e2e28f1"
  integrity sha1-ODjpfPxgUh63PFJajlW/3Z4uKPE=
  dependencies:
    punycode "1.3.2"
    querystring "0.2.0"

yn@^3.0.0:
  version "3.1.0"
  resolved "https://registry.yarnpkg.com/yn/-/yn-3.1.0.tgz#fcbe2db63610361afcc5eb9e0ac91e976d046114"
  integrity sha512-kKfnnYkbTfrAdd0xICNFw7Atm8nKpLcLv9AZGEt+kczL/WQVai4e2V6ZN8U/O+iI6WrNuJjNNOyu4zfhl9D3Hg==
